{
    "_readme": [
        "This file locks the dependencies of your project to a known state",
        "Read more about it at https://getcomposer.org/doc/01-basic-usage.md#installing-dependencies",
        "This file is @generated automatically"
    ],
    "content-hash": "2c0fae1fe53212ce1db3d75023ad4306",
    "packages": [
        {
            "name": "pcom-test-group/test-repo141421",
            "version": "dev-master",
            "source": {
                "type": "git",
                "url": "https://github.com/pcom-test-group/test-repo.git",
                "reference": "d26c8f48561fb237af5789a0c329866df41eae17"
            },
            "dist": {
                "type": "tar",
                "url": "https://api.github.com/repos/pcom-test-group/test-repo/zipball/d26c8f48561fb237af5789a0c329866df41eae17",
                "reference": "d26c8f48561fb237af5789a0c329866df41eae17",
                "shasum": "ae8147f5a01ee8336bf99ffd78f123c089dd132a",
                "mirrors": [
                    {
                        "url": "https://repo.packagist.com/littlecubiclegames801567/dists/%package%/%version%/%reference%.%type%",
                        "preferred": true
                    }
                ]
            },
            "type": "library",
            "authors": [
                {
                    "name": "Stephan Vock",
                    "email": "stephan.vock@gmail.com"
                }
            ],
            "support": {
                "source": "https://github.com/pcom-test-group/test-repo/tree/master",
                "issues": "https://github.com/pcom-test-group/test-repo/issues"
            },
            "time": "2017-03-15T13:44:58+00:00"
        }
    ],
    "packages-dev": [],
    "aliases": [],
    "minimum-stability": "stable",
    "stability-flags": {
        "pcom-test-group/test-repo141421": 20
    },
    "prefer-stable": false,
    "prefer-lowest": false,
    "platform": [],
    "platform-dev": []
}
